
Microsoft Visual Studio Solution File, Format Version 12.00
# Visual Studio Version 16
VisualStudioVersion = 16.0.809.7
MinimumVisualStudioVersion = 10.0.40219.1
Project("{FAE04EC0-301F-11D3-BF4B-00C04F79EFBC}") = "inventoryApi", "inventoryApi.csproj", "{0A28B9E6-AEFC-4ED9-AE0D-47A806DCB025}"
EndProject
Global
	GlobalSection(SolutionConfigurationPlatforms) = preSolution
		Debug|Any CPU = Debug|Any CPU
		Release|Any CPU = Release|Any CPU
	EndGlobalSection
	GlobalSection(ProjectConfigurationPlatforms) = postSolution
		{0A28B9E6-AEFC-4ED9-AE0D-47A806DCB025}.Debug|Any CPU.ActiveCfg = Debug|Any CPU
		{0A28B9E6-AEFC-4ED9-AE0D-47A806DCB025}.Debug|Any CPU.Build.0 = Debug|Any CPU
		{0A28B9E6-AEFC-4ED9-AE0D-47A806DCB025}.Release|Any CPU.ActiveCfg = Release|Any CPU
		{0A28B9E6-AEFC-4ED9-AE0D-47A806DCB025}.Release|Any CPU.Build.0 = Release|Any CPU
	EndGlobalSection
	GlobalSection(SolutionProperties) = preSolution
		HideSolutionNode = FALSE
	EndGlobalSection
	GlobalSection(ExtensibilityGlobals) = postSolution
		SolutionGuid = {F64AF2FA-C9E7-45EE-B49A-CA1DC75435F5}
	EndGlobalSection
EndGlobal
